
Microsoft Visual Studio Solution File, Format Version 12.00
# Visual Studio Version 17
VisualStudioVersion = 17.8.34330.188
MinimumVisualStudioVersion = 10.0.40219.1
Project("{9A19103F-16F7-4668-BE54-9A1E7A4F7556}") = "financeiro.api", "financeiro.api\financeiro.api.csproj", "{4155D9B9-F7D6-4E6C-A324-559B4344960C}"
EndProject
Project("{9A19103F-16F7-4668-BE54-9A1E7A4F7556}") = "financeiro.aplicacao", "financeiro.aplicacao\financeiro.aplicacao.csproj", "{CA2CDB63-A1D7-438F-8356-3C4E0470A138}"
EndProject
Project("{9A19103F-16F7-4668-BE54-9A1E7A4F7556}") = "financeiro.dominio", "financeiro.dominio\financeiro.dominio.csproj", "{501E5C3B-E25B-4BCE-BCE0-44EF83959DBA}"
EndProject
Project("{9A19103F-16F7-4668-BE54-9A1E7A4F7556}") = "financeiro.infra", "financeiro.infra\financeiro.infra.csproj", "{E099CE3C-AF2A-4F8D-B03F-C10C7ADD2C64}"
EndProject
Project("{2150E333-8FDC-42A3-9474-1A3956D46DE8}") = "1-Api", "1-Api", "{84A7267C-CDBF-4D4D-BD90-4F9504561E8D}"
EndProject
Project("{2150E333-8FDC-42A3-9474-1A3956D46DE8}") = "2-Aplicacao", "2-Aplicacao", "{8267A602-45C7-4F91-BE3E-5FEEFD998A4D}"
EndProject
Project("{2150E333-8FDC-42A3-9474-1A3956D46DE8}") = "3 - Dominio", "3 - Dominio", "{459BE6B4-9077-42E9-82BC-EB483FEA2E53}"
EndProject
Project("{2150E333-8FDC-42A3-9474-1A3956D46DE8}") = "4-Infra", "4-Infra", "{51CF2E98-A75E-4E59-A666-AE38E0819163}"
EndProject
Project("{9A19103F-16F7-4668-BE54-9A1E7A4F7556}") = "financeiro.dominioNucleoCompartilhado", "financeiro.dominioNucleoCompartilhado\financeiro.dominioNucleoCompartilhado.csproj", "{0220D6F4-E8A7-4BFC-AFA1-1D11AE5ADB44}"
EndProject
Project("{2150E333-8FDC-42A3-9474-1A3956D46DE8}") = "5-Testes", "5-Testes", "{B081F817-D28A-4162-82D2-E10865AE0222}"
EndProject
Project("{FAE04EC0-301F-11D3-BF4B-00C04F79EFBC}") = "financeiro.teste", "financeiro.teste\financeiro.teste.csproj", "{DE53DA7E-EE17-454F-A9DC-9A5A578B1BC8}"
EndProject
Global
	GlobalSection(SolutionConfigurationPlatforms) = preSolution
		Debug|Any CPU = Debug|Any CPU
		Release|Any CPU = Release|Any CPU
	EndGlobalSection
	GlobalSection(ProjectConfigurationPlatforms) = postSolution
		{4155D9B9-F7D6-4E6C-A324-559B4344960C}.Debug|Any CPU.ActiveCfg = Debug|Any CPU
		{4155D9B9-F7D6-4E6C-A324-559B4344960C}.Debug|Any CPU.Build.0 = Debug|Any CPU
		{4155D9B9-F7D6-4E6C-A324-559B4344960C}.Release|Any CPU.ActiveCfg = Release|Any CPU
		{4155D9B9-F7D6-4E6C-A324-559B4344960C}.Release|Any CPU.Build.0 = Release|Any CPU
		{CA2CDB63-A1D7-438F-8356-3C4E0470A138}.Debug|Any CPU.ActiveCfg = Debug|Any CPU
		{CA2CDB63-A1D7-438F-8356-3C4E0470A138}.Debug|Any CPU.Build.0 = Debug|Any CPU
		{CA2CDB63-A1D7-438F-8356-3C4E0470A138}.Release|Any CPU.ActiveCfg = Release|Any CPU
		{CA2CDB63-A1D7-438F-8356-3C4E0470A138}.Release|Any CPU.Build.0 = Release|Any CPU
		{501E5C3B-E25B-4BCE-BCE0-44EF83959DBA}.Debug|Any CPU.ActiveCfg = Debug|Any CPU
		{501E5C3B-E25B-4BCE-BCE0-44EF83959DBA}.Debug|Any CPU.Build.0 = Debug|Any CPU
		{501E5C3B-E25B-4BCE-BCE0-44EF83959DBA}.Release|Any CPU.ActiveCfg = Release|Any CPU
		{501E5C3B-E25B-4BCE-BCE0-44EF83959DBA}.Release|Any CPU.Build.0 = Release|Any CPU
		{E099CE3C-AF2A-4F8D-B03F-C10C7ADD2C64}.Debug|Any CPU.ActiveCfg = Debug|Any CPU
		{E099CE3C-AF2A-4F8D-B03F-C10C7ADD2C64}.Debug|Any CPU.Build.0 = Debug|Any CPU
		{E099CE3C-AF2A-4F8D-B03F-C10C7ADD2C64}.Release|Any CPU.ActiveCfg = Release|Any CPU
		{E099CE3C-AF2A-4F8D-B03F-C10C7ADD2C64}.Release|Any CPU.Build.0 = Release|Any CPU
		{0220D6F4-E8A7-4BFC-AFA1-1D11AE5ADB44}.Debug|Any CPU.ActiveCfg = Debug|Any CPU
		{0220D6F4-E8A7-4BFC-AFA1-1D11AE5ADB44}.Debug|Any CPU.Build.0 = Debug|Any CPU
		{0220D6F4-E8A7-4BFC-AFA1-1D11AE5ADB44}.Release|Any CPU.ActiveCfg = Release|Any CPU
		{0220D6F4-E8A7-4BFC-AFA1-1D11AE5ADB44}.Release|Any CPU.Build.0 = Release|Any CPU
		{DE53DA7E-EE17-454F-A9DC-9A5A578B1BC8}.Debug|Any CPU.ActiveCfg = Debug|Any CPU
		{DE53DA7E-EE17-454F-A9DC-9A5A578B1BC8}.Debug|Any CPU.Build.0 = Debug|Any CPU
		{DE53DA7E-EE17-454F-A9DC-9A5A578B1BC8}.Release|Any CPU.ActiveCfg = Release|Any CPU
		{DE53DA7E-EE17-454F-A9DC-9A5A578B1BC8}.Release|Any CPU.Build.0 = Release|Any CPU
	EndGlobalSection
	GlobalSection(SolutionProperties) = preSolution
		HideSolutionNode = FALSE
	EndGlobalSection
	GlobalSection(NestedProjects) = preSolution
		{4155D9B9-F7D6-4E6C-A324-559B4344960C} = {84A7267C-CDBF-4D4D-BD90-4F9504561E8D}
		{CA2CDB63-A1D7-438F-8356-3C4E0470A138} = {8267A602-45C7-4F91-BE3E-5FEEFD998A4D}
		{501E5C3B-E25B-4BCE-BCE0-44EF83959DBA} = {459BE6B4-9077-42E9-82BC-EB483FEA2E53}
		{E099CE3C-AF2A-4F8D-B03F-C10C7ADD2C64} = {51CF2E98-A75E-4E59-A666-AE38E0819163}
		{0220D6F4-E8A7-4BFC-AFA1-1D11AE5ADB44} = {459BE6B4-9077-42E9-82BC-EB483FEA2E53}
		{DE53DA7E-EE17-454F-A9DC-9A5A578B1BC8} = {B081F817-D28A-4162-82D2-E10865AE0222}
	EndGlobalSection
	GlobalSection(ExtensibilityGlobals) = postSolution
		SolutionGuid = {E3CD83E7-DAC9-40BF-AFBF-FA639984616F}
	EndGlobalSection
EndGlobal
